// !$*UTF8*$!
{
	archiveVersion = 1;
	classes = {
	};
	objectVersion = 51;
	objects = {

/* Begin PBXBuildFile section */
		4FA1328CD9B0DEB8DB683264 /* Pods_Instagram.framework in Frameworks */ = {isa = PBXBuildFile; fileRef = 455E3CD30D90BA95B0A63792 /* Pods_Instagram.framework */; };
		A48FBE1D25AAE94C00B29738 /* Const.swift in Sources */ = {isa = PBXBuildFile; fileRef = A48FBE1C25AAE94C00B29738 /* Const.swift */; };
		A4E8B25225A3385B00A6B4B9 /* AppDelegate.swift in Sources */ = {isa = PBXBuildFile; fileRef = A4E8B25125A3385B00A6B4B9 /* AppDelegate.swift */; };
		A4E8B25425A3385B00A6B4B9 /* SceneDelegate.swift in Sources */ = {isa = PBXBuildFile; fileRef = A4E8B25325A3385B00A6B4B9 /* SceneDelegate.swift */; };
		A4E8B25925A3385B00A6B4B9 /* Main.storyboard in Resources */ = {isa = PBXBuildFile; fileRef = A4E8B25725A3385B00A6B4B9 /* Main.storyboard */; };
		A4E8B25B25A3385F00A6B4B9 /* Assets.xcassets in Resources */ = {isa = PBXBuildFile; fileRef = A4E8B25A25A3385F00A6B4B9 /* Assets.xcassets */; };
		A4E8B25E25A3385F00A6B4B9 /* LaunchScreen.storyboard in Resources */ = {isa = PBXBuildFile; fileRef = A4E8B25C25A3385F00A6B4B9 /* LaunchScreen.storyboard */; };
		A4E8B26625A33CEB00A6B4B9 /* LoginViewController.swift in Sources */ = {isa = PBXBuildFile; fileRef = A4E8B26525A33CEB00A6B4B9 /* LoginViewController.swift */; };
		A4E8B26825A33D1100A6B4B9 /* HomeViewController.swift in Sources */ = {isa = PBXBuildFile; fileRef = A4E8B26725A33D1100A6B4B9 /* HomeViewController.swift */; };
		A4E8B26A25A33D2800A6B4B9 /* ImageSelectViewController.swift in Sources */ = {isa = PBXBuildFile; fileRef = A4E8B26925A33D2800A6B4B9 /* ImageSelectViewController.swift */; };
		A4E8B26C25A33D3D00A6B4B9 /* PostViewController.swift in Sources */ = {isa = PBXBuildFile; fileRef = A4E8B26B25A33D3D00A6B4B9 /* PostViewController.swift */; };
		A4E8B26E25A33D4E00A6B4B9 /* SettingViewController.swift in Sources */ = {isa = PBXBuildFile; fileRef = A4E8B26D25A33D4E00A6B4B9 /* SettingViewController.swift */; };
		A4E8B27025A3BFA000A6B4B9 /* TabBarController.swift in Sources */ = {isa = PBXBuildFile; fileRef = A4E8B26F25A3BFA000A6B4B9 /* TabBarController.swift */; };
		A4E8B27225A6858700A6B4B9 /* GoogleService-Info.plist in Resources */ = {isa = PBXBuildFile; fileRef = A4E8B27125A6858600A6B4B9 /* GoogleService-Info.plist */; };
/* End PBXBuildFile section */

/* Begin PBXFileReference section */
		455E3CD30D90BA95B0A63792 /* Pods_Instagram.framework */ = {isa = PBXFileReference; explicitFileType = wrapper.framework; includeInIndex = 0; path = Pods_Instagram.framework; sourceTree = BUILT_PRODUCTS_DIR; };
		A48FBE1C25AAE94C00B29738 /* Const.swift */ = {isa = PBXFileReference; lastKnownFileType = sourcecode.swift; path = Const.swift; sourceTree = "<group>"; };
		A4E8B24E25A3385B00A6B4B9 /* Instagram.app */ = {isa = PBXFileReference; explicitFileType = wrapper.application; includeInIndex = 0; path = Instagram.app; sourceTree = BUILT_PRODUCTS_DIR; };
		A4E8B25125A3385B00A6B4B9 /* AppDelegate.swift */ = {isa = PBXFileReference; lastKnownFileType = sourcecode.swift; path = AppDelegate.swift; sourceTree = "<group>"; };
		A4E8B25325A3385B00A6B4B9 /* SceneDelegate.swift */ = {isa = PBXFileReference; lastKnownFileType = sourcecode.swift; path = SceneDelegate.swift; sourceTree = "<group>"; };
		A4E8B25825A3385B00A6B4B9 /* Base */ = {isa = PBXFileReference; lastKnownFileType = file.storyboard; name = Base; path = Base.lproj/Main.storyboard; sourceTree = "<group>"; };
		A4E8B25A25A3385F00A6B4B9 /* Assets.xcassets */ = {isa = PBXFileReference; lastKnownFileType = folder.assetcatalog; path = Assets.xcassets; sourceTree = "<group>"; };
		A4E8B25D25A3385F00A6B4B9 /* Base */ = {isa = PBXFileReference; lastKnownFileType = file.storyboard; name = Base; path = Base.lproj/LaunchScreen.storyboard; sourceTree = "<group>"; };
		A4E8B25F25A3385F00A6B4B9 /* Info.plist */ = {isa = PBXFileReference; lastKnownFileType = text.plist.xml; path = Info.plist; sourceTree = "<group>"; };
		A4E8B26525A33CEB00A6B4B9 /* LoginViewController.swift */ = {isa = PBXFileReference; lastKnownFileType = sourcecode.swift; path = LoginViewController.swift; sourceTree = "<group>"; };
		A4E8B26725A33D1100A6B4B9 /* HomeViewController.swift */ = {isa = PBXFileReference; lastKnownFileType = sourcecode.swift; path = HomeViewController.swift; sourceTree = "<group>"; };
		A4E8B26925A33D2800A6B4B9 /* ImageSelectViewController.swift */ = {isa = PBXFileReference; lastKnownFileType = sourcecode.swift; path = ImageSelectViewController.swift; sourceTree = "<group>"; };
		A4E8B26B25A33D3D00A6B4B9 /* PostViewController.swift */ = {isa = PBXFileReference; lastKnownFileType = sourcecode.swift; path = PostViewController.swift; sourceTree = "<group>"; };
		A4E8B26D25A33D4E00A6B4B9 /* SettingViewController.swift */ = {isa = PBXFileReference; lastKnownFileType = sourcecode.swift; path = SettingViewController.swift; sourceTree = "<group>"; };
		A4E8B26F25A3BFA000A6B4B9 /* TabBarController.swift */ = {isa = PBXFileReference; lastKnownFileType = sourcecode.swift; path = TabBarController.swift; sourceTree = "<group>"; };
		A4E8B27125A6858600A6B4B9 /* GoogleService-Info.plist */ = {isa = PBXFileReference; fileEncoding = 4; lastKnownFileType = text.plist.xml; path = "GoogleService-Info.plist"; sourceTree = "<group>"; };
		B45BE35FA50E7C67F83EFDD9 /* Pods-Instagram.release.xcconfig */ = {isa = PBXFileReference; includeInIndex = 1; lastKnownFileType = text.xcconfig; name = "Pods-Instagram.release.xcconfig"; path = "Target Support Files/Pods-Instagram/Pods-Instagram.release.xcconfig"; sourceTree = "<group>"; };
		DB54E7AB9E60E13A9D054E31 /* Pods-Instagram.debug.xcconfig */ = {isa = PBXFileReference; includeInIndex = 1; lastKnownFileType = text.xcconfig; name = "Pods-Instagram.debug.xcconfig"; path = "Target Support Files/Pods-Instagram/Pods-Instagram.debug.xcconfig"; sourceTree = "<group>"; };
/* End PBXFileReference section */

/* Begin PBXFrameworksBuildPhase section */
		A4E8B24B25A3385B00A6B4B9 /* Frameworks */ = {
			isa = PBXFrameworksBuildPhase;
			buildActionMask = 2147483647;
			files = (
				4FA1328CD9B0DEB8DB683264 /* Pods_Instagram.framework in Frameworks */,
			);
			runOnlyForDeploymentPostprocessing = 0;
		};
/* End PBXFrameworksBuildPhase section */

/* Begin PBXGroup section */
		16E14734D50947D6CCD2AFAA /* Frameworks */ = {
			isa = PBXGroup;
			children = (
				455E3CD30D90BA95B0A63792 /* Pods_Instagram.framework */,
			);
			name = Frameworks;
			sourceTree = "<group>";
		};
		A4E8B24525A3385B00A6B4B9 = {
			isa = PBXGroup;
			children = (
				A4E8B25025A3385B00A6B4B9 /* Instagram */,
				A4E8B24F25A3385B00A6B4B9 /* Products */,
				A58B75C9C55A14C0437F375D /* Pods */,
				16E14734D50947D6CCD2AFAA /* Frameworks */,
			);
			sourceTree = "<group>";
		};
		A4E8B24F25A3385B00A6B4B9 /* Products */ = {
			isa = PBXGroup;
			children = (
				A4E8B24E25A3385B00A6B4B9 /* Instagram.app */,
			);
			name = Products;
			sourceTree = "<group>";
		};
		A4E8B25025A3385B00A6B4B9 /* Instagram */ = {
			isa = PBXGroup;
			children = (
				A4E8B25125A3385B00A6B4B9 /* AppDelegate.swift */,
				A4E8B25325A3385B00A6B4B9 /* SceneDelegate.swift */,
				A4E8B26525A33CEB00A6B4B9 /* LoginViewController.swift */,
				A4E8B26725A33D1100A6B4B9 /* HomeViewController.swift */,
				A4E8B26925A33D2800A6B4B9 /* ImageSelectViewController.swift */,
				A4E8B26B25A33D3D00A6B4B9 /* PostViewController.swift */,
				A48FBE1C25AAE94C00B29738 /* Const.swift */,
				A4E8B26D25A33D4E00A6B4B9 /* SettingViewController.swift */,
				A4E8B25725A3385B00A6B4B9 /* Main.storyboard */,
				A4E8B26F25A3BFA000A6B4B9 /* TabBarController.swift */,
				A4E8B25A25A3385F00A6B4B9 /* Assets.xcassets */,
				A4E8B25C25A3385F00A6B4B9 /* LaunchScreen.storyboard */,
				A4E8B25F25A3385F00A6B4B9 /* Info.plist */,
				A4E8B27125A6858600A6B4B9 /* GoogleService-Info.plist */,
			);
			path = Instagram;
			sourceTree = "<group>";
		};
		A58B75C9C55A14C0437F375D /* Pods */ = {
			isa = PBXGroup;
			children = (
				DB54E7AB9E60E13A9D054E31 /* Pods-Instagram.debug.xcconfig */,
				B45BE35FA50E7C67F83EFDD9 /* Pods-Instagram.release.xcconfig */,
			);
			path = Pods;
			sourceTree = "<group>";
		};
/* End PBXGroup section */

/* Begin PBXNativeTarget section */
		A4E8B24D25A3385B00A6B4B9 /* Instagram */ = {
			isa = PBXNativeTarget;
			buildConfigurationList = A4E8B26225A3385F00A6B4B9 /* Build configuration list for PBXNativeTarget "Instagram" */;
			buildPhases = (
				2F70BF716968C9F147413213 /* [CP] Check Pods Manifest.lock */,
				A4E8B24A25A3385B00A6B4B9 /* Sources */,
				A4E8B24B25A3385B00A6B4B9 /* Frameworks */,
				A4E8B24C25A3385B00A6B4B9 /* Resources */,
				08F430BC9791683C642922C6 /* [CP] Embed Pods Frameworks */,
			);
			buildRules = (
			);
			dependencies = (
			);
			name = Instagram;
			productName = Instagram;
			productReference = A4E8B24E25A3385B00A6B4B9 /* Instagram.app */;
			productType = "com.apple.product-type.application";
		};
/* End PBXNativeTarget section */

/* Begin PBXProject section */
		A4E8B24625A3385B00A6B4B9 /* Project object */ = {
			isa = PBXProject;
			attributes = {
				LastSwiftUpdateCheck = 1150;
				LastUpgradeCheck = 1150;
				ORGANIZATIONNAME = takashimakenichi;
				TargetAttributes = {
					A4E8B24D25A3385B00A6B4B9 = {
						CreatedOnToolsVersion = 11.5;
					};
				};
			};
			buildConfigurationList = A4E8B24925A3385B00A6B4B9 /* Build configuration list for PBXProject "Instagram" */;
			compatibilityVersion = "Xcode 9.3";
			developmentRegion = en;
			hasScannedForEncodings = 0;
			knownRegions = (
				en,
				Base,
			);
			mainGroup = A4E8B24525A3385B00A6B4B9;
			productRefGroup = A4E8B24F25A3385B00A6B4B9 /* Products */;
			projectDirPath = "";
			projectRoot = "";
			targets = (
				A4E8B24D25A3385B00A6B4B9 /* Instagram */,
			);
		};
/* End PBXProject section */

/* Begin PBXResourcesBuildPhase section */
		A4E8B24C25A3385B00A6B4B9 /* Resources */ = {
			isa = PBXResourcesBuildPhase;
			buildActionMask = 2147483647;
			files = (
				A4E8B25E25A3385F00A6B4B9 /* LaunchScreen.storyboard in Resources */,
				A4E8B27225A6858700A6B4B9 /* GoogleService-Info.plist in Resources */,
				A4E8B25B25A3385F00A6B4B9 /* Assets.xcassets in Resources */,
				A4E8B25925A3385B00A6B4B9 /* Main.storyboard in Resources */,
			);
			runOnlyForDeploymentPostprocessing = 0;
		};
/* End PBXResourcesBuildPhase section */

/* Begin PBXShellScriptBuildPhase section */
		08F430BC9791683C642922C6 /* [CP] Embed Pods Frameworks */ = {
			isa = PBXShellScriptBuildPhase;
			buildActionMask = 2147483647;
			files = (
			);
			inputFileListPaths = (
				"${PODS_ROOT}/Target Support Files/Pods-Instagram/Pods-Instagram-frameworks-${CONFIGURATION}-input-files.xcfilelist",
			);
			name = "[CP] Embed Pods Frameworks";
			outputFileListPaths = (
				"${PODS_ROOT}/Target Support Files/Pods-Instagram/Pods-Instagram-frameworks-${CONFIGURATION}-output-files.xcfilelist",
			);
			runOnlyForDeploymentPostprocessing = 0;
			shellPath = /bin/sh;
			shellScript = "\"${PODS_ROOT}/Target Support Files/Pods-Instagram/Pods-Instagram-frameworks.sh\"\n";
			showEnvVarsInLog = 0;
		};
		2F70BF716968C9F147413213 /* [CP] Check Pods Manifest.lock */ = {
			isa = PBXShellScriptBuildPhase;
			buildActionMask = 2147483647;
			files = (
			);
			inputFileListPaths = (
			);
			inputPaths = (
				"${PODS_PODFILE_DIR_PATH}/Podfile.lock",
				"${PODS_ROOT}/Manifest.lock",
			);
			name = "[CP] Check Pods Manifest.lock";
			outputFileListPaths = (
			);
			outputPaths = (
				"$(DERIVED_FILE_DIR)/Pods-Instagram-checkManifestLockResult.txt",
			);
			runOnlyForDeploymentPostprocessing = 0;
			shellPath = /bin/sh;
			shellScript = "diff \"${PODS_PODFILE_DIR_PATH}/Podfile.lock\" \"${PODS_ROOT}/Manifest.lock\" > /dev/null\nif [ $? != 0 ] ; then\n    # print error to STDERR\n    echo \"error: The sandbox is not in sync with the Podfile.lock. Run 'pod install' or update your CocoaPods installation.\" >&2\n    exit 1\nfi\n# This output is used by Xcode 'outputs' to avoid re-running this script phase.\necho \"SUCCESS\" > \"${SCRIPT_OUTPUT_FILE_0}\"\n";
			showEnvVarsInLog = 0;
		};
/* End PBXShellScriptBuildPhase section */

/* Begin PBXSourcesBuildPhase section */
		A4E8B24A25A3385B00A6B4B9 /* Sources */ = {
			isa = PBXSourcesBuildPhase;
			buildActionMask = 2147483647;
			files = (
				A4E8B26A25A33D2800A6B4B9 /* ImageSelectViewController.swift in Sources */,
				A4E8B27025A3BFA000A6B4B9 /* TabBarController.swift in Sources */,
				A4E8B26825A33D1100A6B4B9 /* HomeViewController.swift in Sources */,
				A4E8B26C25A33D3D00A6B4B9 /* PostViewController.swift in Sources */,
				A4E8B26E25A33D4E00A6B4B9 /* SettingViewController.swift in Sources */,
				A4E8B26625A33CEB00A6B4B9 /* LoginViewController.swift in Sources */,
				A4E8B25225A3385B00A6B4B9 /* AppDelegate.swift in Sources */,
				A4E8B25425A3385B00A6B4B9 /* SceneDelegate.swift in Sources */,
				A48FBE1D25AAE94C00B29738 /* Const.swift in Sources */,
			);
			runOnlyForDeploymentPostprocessing = 0;
		};
/* End PBXSourcesBuildPhase section */

/* Begin PBXVariantGroup section */
		A4E8B25725A3385B00A6B4B9 /* Main.storyboard */ = {
			isa = PBXVariantGroup;
			children = (
				A4E8B25825A3385B00A6B4B9 /* Base */,
			);
			name = Main.storyboard;
			sourceTree = "<group>";
		};
		A4E8B25C25A3385F00A6B4B9 /* LaunchScreen.storyboard */ = {
			isa = PBXVariantGroup;
			children = (
				A4E8B25D25A3385F00A6B4B9 /* Base */,
			);
			name = LaunchScreen.storyboard;
			sourceTree = "<group>";
		};
/* End PBXVariantGroup section */

/* Begin XCBuildConfiguration section */
		A4E8B26025A3385F00A6B4B9 /* Debug */ = {
			isa = XCBuildConfiguration;
			buildSettings = {
				ALWAYS_SEARCH_USER_PATHS = NO;
				CLANG_ANALYZER_NONNULL = YES;
				CLANG_ANALYZER_NUMBER_OBJECT_CONVERSION = YES_AGGRESSIVE;
				CLANG_CXX_LANGUAGE_STANDARD = "gnu++14";
				CLANG_CXX_LIBRARY = "libc++";
				CLANG_ENABLE_MODULES = YES;
				CLANG_ENABLE_OBJC_ARC = YES;
				CLANG_ENABLE_OBJC_WEAK = YES;
				CLANG_WARN_BLOCK_CAPTURE_AUTORELEASING = YES;
				CLANG_WARN_BOOL_CONVERSION = YES;
				CLANG_WARN_COMMA = YES;
				CLANG_WARN_CONSTANT_CONVERSION = YES;
				CLANG_WARN_DEPRECATED_OBJC_IMPLEMENTATIONS = YES;
				CLANG_WARN_DIRECT_OBJC_ISA_USAGE = YES_ERROR;
				CLANG_WARN_DOCUMENTATION_COMMENTS = YES;
				CLANG_WARN_EMPTY_BODY = YES;
				CLANG_WARN_ENUM_CONVERSION = YES;
				CLANG_WARN_INFINITE_RECURSION = YES;
				CLANG_WARN_INT_CONVERSION = YES;
				CLANG_WARN_NON_LITERAL_NULL_CONVERSION = YES;
				CLANG_WARN_OBJC_IMPLICIT_RETAIN_SELF = YES;
				CLANG_WARN_OBJC_LITERAL_CONVERSION = YES;
				CLANG_WARN_OBJC_ROOT_CLASS = YES_ERROR;
				CLANG_WARN_RANGE_LOOP_ANALYSIS = YES;
				CLANG_WARN_STRICT_PROTOTYPES = YES;
				CLANG_WARN_SUSPICIOUS_MOVE = YES;
				CLANG_WARN_UNGUARDED_AVAILABILITY = YES_AGGRESSIVE;
				CLANG_WARN_UNREACHABLE_CODE = YES;
				CLANG_WARN__DUPLICATE_METHOD_MATCH = YES;
				COPY_PHASE_STRIP = NO;
				DEBUG_INFORMATION_FORMAT = dwarf;
				ENABLE_STRICT_OBJC_MSGSEND = YES;
				ENABLE_TESTABILITY = YES;
				GCC_C_LANGUAGE_STANDARD = gnu11;
				GCC_DYNAMIC_NO_PIC = NO;
				GCC_NO_COMMON_BLOCKS = YES;
				GCC_OPTIMIZATION_LEVEL = 0;
				GCC_PREPROCESSOR_DEFINITIONS = (
					"DEBUG=1",
					"$(inherited)",
				);
				GCC_WARN_64_TO_32_BIT_CONVERSION = YES;
				GCC_WARN_ABOUT_RETURN_TYPE = YES_ERROR;
				GCC_WARN_UNDECLARED_SELECTOR = YES;
				GCC_WARN_UNINITIALIZED_AUTOS = YES_AGGRESSIVE;
				GCC_WARN_UNUSED_FUNCTION = YES;
				GCC_WARN_UNUSED_VARIABLE = YES;
				IPHONEOS_DEPLOYMENT_TARGET = 13.5;
				MTL_ENABLE_DEBUG_INFO = INCLUDE_SOURCE;
				MTL_FAST_MATH = YES;
				ONLY_ACTIVE_ARCH = YES;
				SDKROOT = iphoneos;
				SWIFT_ACTIVE_COMPILATION_CONDITIONS = DEBUG;
				SWIFT_OPTIMIZATION_LEVEL = "-Onone";
			};
			name = Debug;
		};
		A4E8B26125A3385F00A6B4B9 /* Release */ = {
			isa = XCBuildConfiguration;
			buildSettings = {
				ALWAYS_SEARCH_USER_PATHS = NO;
				CLANG_ANALYZER_NONNULL = YES;
				CLANG_ANALYZER_NUMBER_OBJECT_CONVERSION = YES_AGGRESSIVE;
				CLANG_CXX_LANGUAGE_STANDARD = "gnu++14";
				CLANG_CXX_LIBRARY = "libc++";
				CLANG_ENABLE_MODULES = YES;
				CLANG_ENABLE_OBJC_ARC = YES;
				CLANG_ENABLE_OBJC_WEAK = YES;
				CLANG_WARN_BLOCK_CAPTURE_AUTORELEASING = YES;
				CLANG_WARN_BOOL_CONVERSION = YES;
				CLANG_WARN_COMMA = YES;
				CLANG_WARN_CONSTANT_CONVERSION = YES;
				CLANG_WARN_DEPRECATED_OBJC_IMPLEMENTATIONS = YES;
				CLANG_WARN_DIRECT_OBJC_ISA_USAGE = YES_ERROR;
				CLANG_WARN_DOCUMENTATION_COMMENTS = YES;
				CLANG_WARN_EMPTY_BODY = YES;
				CLANG_WARN_ENUM_CONVERSION = YES;
				CLANG_WARN_INFINITE_RECURSION = YES;
				CLANG_WARN_INT_CONVERSION = YES;
				CLANG_WARN_NON_LITERAL_NULL_CONVERSION = YES;
				CLANG_WARN_OBJC_IMPLICIT_RETAIN_SELF = YES;
				CLANG_WARN_OBJC_LITERAL_CONVERSION = YES;
				CLANG_WARN_OBJC_ROOT_CLASS = YES_ERROR;
				CLANG_WARN_RANGE_LOOP_ANALYSIS = YES;
				CLANG_WARN_STRICT_PROTOTYPES = YES;
				CLANG_WARN_SUSPICIOUS_MOVE = YES;
				CLANG_WARN_UNGUARDED_AVAILABILITY = YES_AGGRESSIVE;
				CLANG_WARN_UNREACHABLE_CODE = YES;
				CLANG_WARN__DUPLICATE_METHOD_MATCH = YES;
				COPY_PHASE_STRIP = NO;
				DEBUG_INFORMATION_FORMAT = "dwarf-with-dsym";
				ENABLE_NS_ASSERTIONS = NO;
				ENABLE_STRICT_OBJC_MSGSEND = YES;
				GCC_C_LANGUAGE_STANDARD = gnu11;
				GCC_NO_COMMON_BLOCKS = YES;
				GCC_WARN_64_TO_32_BIT_CONVERSION = YES;
				GCC_WARN_ABOUT_RETURN_TYPE = YES_ERROR;
				GCC_WARN_UNDECLARED_SELECTOR = YES;
				GCC_WARN_UNINITIALIZED_AUTOS = YES_AGGRESSIVE;
				GCC_WARN_UNUSED_FUNCTION = YES;
				GCC_WARN_UNUSED_VARIABLE = YES;
				IPHONEOS_DEPLOYMENT_TARGET = 13.5;
				MTL_ENABLE_DEBUG_INFO = NO;
				MTL_FAST_MATH = YES;
				SDKROOT = iphoneos;
				SWIFT_COMPILATION_MODE = wholemodule;
				SWIFT_OPTIMIZATION_LEVEL = "-O";
				VALIDATE_PRODUCT = YES;
			};
			name = Release;
		};
		A4E8B26325A3385F00A6B4B9 /* Debug */ = {
			isa = XCBuildConfiguration;
			baseConfigurationReference = DB54E7AB9E60E13A9D054E31 /* Pods-Instagram.debug.xcconfig */;
			buildSettings = {
				ASSETCATALOG_COMPILER_APPICON_NAME = AppIcon;
				CODE_SIGN_STYLE = Automatic;
				DEVELOPMENT_TEAM = FF2Q8UU757;
				INFOPLIST_FILE = Instagram/Info.plist;
				LD_RUNPATH_SEARCH_PATHS = (
					"$(inherited)",
					"@executable_path/Frameworks",
				);
				PRODUCT_BUNDLE_IDENTIFIER = com.example.kenichi04.Instagram;
				PRODUCT_NAME = "$(TARGET_NAME)";
				SWIFT_VERSION = 5.0;
				TARGETED_DEVICE_FAMILY = 1;
			};
			name = Debug;
		};
		A4E8B26425A3385F00A6B4B9 /* Release */ = {
			isa = XCBuildConfiguration;
			baseConfigurationReference = B45BE35FA50E7C67F83EFDD9 /* Pods-Instagram.release.xcconfig */;
			buildSettings = {
				ASSETCATALOG_COMPILER_APPICON_NAME = AppIcon;
				CODE_SIGN_STYLE = Automatic;
				DEVELOPMENT_TEAM = FF2Q8UU757;
				INFOPLIST_FILE = Instagram/Info.plist;
				LD_RUNPATH_SEARCH_PATHS = (
					"$(inherited)",
					"@executable_path/Frameworks",
				);
				PRODUCT_BUNDLE_IDENTIFIER = com.example.kenichi04.Instagram;
				PRODUCT_NAME = "$(TARGET_NAME)";
				SWIFT_VERSION = 5.0;
				TARGETED_DEVICE_FAMILY = 1;
			};
			name = Release;
		};
/* End XCBuildConfiguration section */

/* Begin XCConfigurationList section */
		A4E8B24925A3385B00A6B4B9 /* Build configuration list for PBXProject "Instagram" */ = {
			isa = XCConfigurationList;
			buildConfigurations = (
				A4E8B26025A3385F00A6B4B9 /* Debug */,
				A4E8B26125A3385F00A6B4B9 /* Release */,
			);
			defaultConfigurationIsVisible = 0;
			defaultConfigurationName = Release;
		};
		A4E8B26225A3385F00A6B4B9 /* Build configuration list for PBXNativeTarget "Instagram" */ = {
			isa = XCConfigurationList;
			buildConfigurations = (
				A4E8B26325A3385F00A6B4B9 /* Debug */,
				A4E8B26425A3385F00A6B4B9 /* Release */,
			);
			defaultConfigurationIsVisible = 0;
			defaultConfigurationName = Release;
		};
/* End XCConfigurationList section */
	};
	rootObject = A4E8B24625A3385B00A6B4B9 /* Project object */;
}
